
Microsoft Visual Studio Solution File, Format Version 12.00
# Visual Studio Version 17
VisualStudioVersion = 17.6.33829.357
MinimumVisualStudioVersion = 10.0.40219.1
Project("{FAE04EC0-301F-11D3-BF4B-00C04F79EFBC}") = "AllMaterialsIn4Module", "AllMaterialsIn4Module\AllMaterialsIn4Module.csproj", "{B3C287CD-CFBF-4DAA-AFF0-9887E71E2869}"
EndProject
Global
	GlobalSection(SolutionConfigurationPlatforms) = preSolution
		Debug|Any CPU = Debug|Any CPU
		Release|Any CPU = Release|Any CPU
	EndGlobalSection
	GlobalSection(ProjectConfigurationPlatforms) = postSolution
		{B3C287CD-CFBF-4DAA-AFF0-9887E71E2869}.Debug|Any CPU.ActiveCfg = Debug|Any CPU
		{B3C287CD-CFBF-4DAA-AFF0-9887E71E2869}.Debug|Any CPU.Build.0 = Debug|Any CPU
		{B3C287CD-CFBF-4DAA-AFF0-9887E71E2869}.Release|Any CPU.ActiveCfg = Release|Any CPU
		{B3C287CD-CFBF-4DAA-AFF0-9887E71E2869}.Release|Any CPU.Build.0 = Release|Any CPU
	EndGlobalSection
	GlobalSection(SolutionProperties) = preSolution
		HideSolutionNode = FALSE
	EndGlobalSection
	GlobalSection(ExtensibilityGlobals) = postSolution
		SolutionGuid = {F5129F19-92C6-48E1-8F3E-5CD27FBD4FC0}
	EndGlobalSection
EndGlobal
